{
  "name": "HTTPie",
  "lockfileVersion": 2,
  "requires": true,
  "packages": {
    "": {
      "dependencies": {
        "@astrajs/collections": "^0.1.0",
        "@astrajs/rest": "^0.0.12",
        "dotenv": "^10.0.0",
        "sleep": "^6.3.0"
      }
    },
    "node_modules/@astrajs/collections": {
      "version": "0.1.0",
      "resolved": "https://registry.npmjs.org/@astrajs/collections/-/collections-0.1.0.tgz",
      "integrity": "sha512-BzdR4CcIU5TjlbnBIrBjZ12a9u4dCWNnXikUk37MSjDPEwYKb6kjg4sH8omzAsQGZLzhDiBDs9Q+N0Ww9lA1XA==",
      "dependencies": {
        "@astrajs/rest": "^0.0.12",
        "lodash": "^4.17.20"
      }
    },
    "node_modules/@astrajs/rest": {
      "version": "0.0.12",
      "resolved": "https://registry.npmjs.org/@astrajs/rest/-/rest-0.0.12.tgz",
      "integrity": "sha512-TJ5HoV7wJJr+zxHTruY+3bOvM1HX0L3AiZgVe5pD7iUyybiWJinICo5z8vvGvM30jvfnsxUpvJ7DiZf8LohA5g==",
      "dependencies": {
        "axios": "^0.21.1",
        "lodash": "^4.17.20"
      }
    },
    "node_modules/axios": {
      "version": "0.21.1",
      "resolved": "https://registry.npmjs.org/axios/-/axios-0.21.1.tgz",
      "integrity": "sha512-dKQiRHxGD9PPRIUNIWvZhPTPpl1rf/OxTYKsqKUDjBwYylTvV7SjSHJb9ratfyzM6wCdLCOYLzs73qpg5c4iGA==",
      "dependencies": {
        "follow-redirects": "^1.10.0"
      }
    },
    "node_modules/dotenv": {
      "version": "10.0.0",
      "resolved": "https://registry.npmjs.org/dotenv/-/dotenv-10.0.0.tgz",
      "integrity": "sha512-rlBi9d8jpv9Sf1klPjNfFAuWDjKLwTIJJ/VxtoTwIR6hnZxcEOQCZg2oIL3MWBYw5GpUDKOEnND7LXTbIpQ03Q==",
      "engines": {
        "node": ">=10"
      }
    },
    "node_modules/follow-redirects": {
      "version": "1.14.1",
      "resolved": "https://registry.npmjs.org/follow-redirects/-/follow-redirects-1.14.1.tgz",
      "integrity": "sha512-HWqDgT7ZEkqRzBvc2s64vSZ/hfOceEol3ac/7tKwzuvEyWx3/4UegXh5oBOIotkGsObyk3xznnSRVADBgWSQVg==",
      "funding": [
        {
          "type": "individual",
          "url": "https://github.com/sponsors/RubenVerborgh"
        }
      ],
      "engines": {
        "node": ">=4.0"
      },
      "peerDependenciesMeta": {
        "debug": {
          "optional": true
        }
      }
    },
    "node_modules/lodash": {
      "version": "4.17.21",
      "resolved": "https://registry.npmjs.org/lodash/-/lodash-4.17.21.tgz",
      "integrity": "sha512-v2kDEe57lecTulaDIuNTPy3Ry4gLGJ6Z1O3vE1krgXZNrsQ+LFTGHVxVjcXPs17LhbZVGedAJv8XZ1tvj5FvSg=="
    },
    "node_modules/nan": {
      "version": "2.14.2",
      "resolved": "https://registry.npmjs.org/nan/-/nan-2.14.2.tgz",
      "integrity": "sha512-M2ufzIiINKCuDfBSAUr1vWQ+vuVcA9kqx8JJUsbQi6yf1uGRyb7HfpdfUr5qLXf3B/t8dPvcjhKMmlfnP47EzQ=="
    },
    "node_modules/sleep": {
      "version": "6.3.0",
      "resolved": "https://registry.npmjs.org/sleep/-/sleep-6.3.0.tgz",
      "integrity": "sha512-+WgYl951qdUlb1iS97UvQ01pkauoBK9ML9I/CMPg41v0Ze4EyMlTgFTDDo32iYj98IYqxIjDMRd+L71lawFfpQ==",
      "hasInstallScript": true,
      "dependencies": {
        "nan": "^2.14.1"
      },
      "engines": {
        "node": ">=0.8.0"
      }
    }
  },
  "dependencies": {
    "@astrajs/collections": {
      "version": "0.1.0",
      "resolved": "https://registry.npmjs.org/@astrajs/collections/-/collections-0.1.0.tgz",
      "integrity": "sha512-BzdR4CcIU5TjlbnBIrBjZ12a9u4dCWNnXikUk37MSjDPEwYKb6kjg4sH8omzAsQGZLzhDiBDs9Q+N0Ww9lA1XA==",
      "requires": {
        "@astrajs/rest": "^0.0.12",
        "lodash": "^4.17.20"
      }
    },
    "@astrajs/rest": {
      "version": "0.0.12",
      "resolved": "https://registry.npmjs.org/@astrajs/rest/-/rest-0.0.12.tgz",
      "integrity": "sha512-TJ5HoV7wJJr+zxHTruY+3bOvM1HX0L3AiZgVe5pD7iUyybiWJinICo5z8vvGvM30jvfnsxUpvJ7DiZf8LohA5g==",
      "requires": {
        "axios": "^0.21.1",
        "lodash": "^4.17.20"
      }
    },
    "axios": {
      "version": "0.21.1",
      "resolved": "https://registry.npmjs.org/axios/-/axios-0.21.1.tgz",
      "integrity": "sha512-dKQiRHxGD9PPRIUNIWvZhPTPpl1rf/OxTYKsqKUDjBwYylTvV7SjSHJb9ratfyzM6wCdLCOYLzs73qpg5c4iGA==",
      "requires": {
        "follow-redirects": "^1.10.0"
      }
    },
    "dotenv": {
      "version": "10.0.0",
      "resolved": "https://registry.npmjs.org/dotenv/-/dotenv-10.0.0.tgz",
      "integrity": "sha512-rlBi9d8jpv9Sf1klPjNfFAuWDjKLwTIJJ/VxtoTwIR6hnZxcEOQCZg2oIL3MWBYw5GpUDKOEnND7LXTbIpQ03Q=="
    },
    "follow-redirects": {
      "version": "1.14.1",
      "resolved": "https://registry.npmjs.org/follow-redirects/-/follow-redirects-1.14.1.tgz",
      "integrity": "sha512-HWqDgT7ZEkqRzBvc2s64vSZ/hfOceEol3ac/7tKwzuvEyWx3/4UegXh5oBOIotkGsObyk3xznnSRVADBgWSQVg=="
    },
    "lodash": {
      "version": "4.17.21",
      "resolved": "https://registry.npmjs.org/lodash/-/lodash-4.17.21.tgz",
      "integrity": "sha512-v2kDEe57lecTulaDIuNTPy3Ry4gLGJ6Z1O3vE1krgXZNrsQ+LFTGHVxVjcXPs17LhbZVGedAJv8XZ1tvj5FvSg=="
    },
    "nan": {
      "version": "2.14.2",
      "resolved": "https://registry.npmjs.org/nan/-/nan-2.14.2.tgz",
      "integrity": "sha512-M2ufzIiINKCuDfBSAUr1vWQ+vuVcA9kqx8JJUsbQi6yf1uGRyb7HfpdfUr5qLXf3B/t8dPvcjhKMmlfnP47EzQ=="
    },
    "sleep": {
      "version": "6.3.0",
      "resolved": "https://registry.npmjs.org/sleep/-/sleep-6.3.0.tgz",
      "integrity": "sha512-+WgYl951qdUlb1iS97UvQ01pkauoBK9ML9I/CMPg41v0Ze4EyMlTgFTDDo32iYj98IYqxIjDMRd+L71lawFfpQ==",
      "requires": {
        "nan": "^2.14.1"
      }
    }
  }
}
